
Microsoft Visual Studio Solution File, Format Version 12.00
# Visual Studio 14
VisualStudioVersion = 14.0.23107.0
MinimumVisualStudioVersion = 10.0.40219.1
Project("{FAE04EC0-301F-11D3-BF4B-00C04F79EFBC}") = "LearningPortal.Service", "LearningPortal.Service\LearningPortal.Service.csproj", "{D56A9B07-40DB-4095-A5BC-78EFD640D7D5}"
EndProject
Project("{FAE04EC0-301F-11D3-BF4B-00C04F79EFBC}") = "LearningPortal.Service.Tests", "LearningPortal.Service.Tests\LearningPortal.Service.Tests.csproj", "{61F7EE4F-C6A1-4BD2-91F2-AF6073200031}"
EndProject
Global
	GlobalSection(SolutionConfigurationPlatforms) = preSolution
		Debug|Any CPU = Debug|Any CPU
		Release|Any CPU = Release|Any CPU
	EndGlobalSection
	GlobalSection(ProjectConfigurationPlatforms) = postSolution
		{D56A9B07-40DB-4095-A5BC-78EFD640D7D5}.Debug|Any CPU.ActiveCfg = Debug|Any CPU
		{D56A9B07-40DB-4095-A5BC-78EFD640D7D5}.Debug|Any CPU.Build.0 = Debug|Any CPU
		{D56A9B07-40DB-4095-A5BC-78EFD640D7D5}.Release|Any CPU.ActiveCfg = Release|Any CPU
		{D56A9B07-40DB-4095-A5BC-78EFD640D7D5}.Release|Any CPU.Build.0 = Release|Any CPU
		{61F7EE4F-C6A1-4BD2-91F2-AF6073200031}.Debug|Any CPU.ActiveCfg = Debug|Any CPU
		{61F7EE4F-C6A1-4BD2-91F2-AF6073200031}.Debug|Any CPU.Build.0 = Debug|Any CPU
		{61F7EE4F-C6A1-4BD2-91F2-AF6073200031}.Release|Any CPU.ActiveCfg = Release|Any CPU
		{61F7EE4F-C6A1-4BD2-91F2-AF6073200031}.Release|Any CPU.Build.0 = Release|Any CPU
	EndGlobalSection
	GlobalSection(SolutionProperties) = preSolution
		HideSolutionNode = FALSE
	EndGlobalSection
EndGlobal
