
Microsoft Visual Studio Solution File, Format Version 12.00
# Visual Studio 14
VisualStudioVersion = 14.0.23107.0
MinimumVisualStudioVersion = 10.0.40219.1
Project("{FAE04EC0-301F-11D3-BF4B-00C04F79EFBC}") = "LearningMobile.UI", "LearningMobile.UI\LearningMobile.UI.csproj", "{93A88E71-F88A-46FC-B63D-E36B9E5F05B3}"
EndProject
Project("{FAE04EC0-301F-11D3-BF4B-00C04F79EFBC}") = "LearningMobile.UI.Tests", "LearningMobile.UI.Tests\LearningMobile.UI.Tests.csproj", "{ABAAF614-2748-493D-B16E-4C348DAB5560}"
EndProject
Global
	GlobalSection(SolutionConfigurationPlatforms) = preSolution
		Debug|Any CPU = Debug|Any CPU
		Release|Any CPU = Release|Any CPU
	EndGlobalSection
	GlobalSection(ProjectConfigurationPlatforms) = postSolution
		{93A88E71-F88A-46FC-B63D-E36B9E5F05B3}.Debug|Any CPU.ActiveCfg = Debug|Any CPU
		{93A88E71-F88A-46FC-B63D-E36B9E5F05B3}.Debug|Any CPU.Build.0 = Debug|Any CPU
		{93A88E71-F88A-46FC-B63D-E36B9E5F05B3}.Release|Any CPU.ActiveCfg = Release|Any CPU
		{93A88E71-F88A-46FC-B63D-E36B9E5F05B3}.Release|Any CPU.Build.0 = Release|Any CPU
		{ABAAF614-2748-493D-B16E-4C348DAB5560}.Debug|Any CPU.ActiveCfg = Debug|Any CPU
		{ABAAF614-2748-493D-B16E-4C348DAB5560}.Debug|Any CPU.Build.0 = Debug|Any CPU
		{ABAAF614-2748-493D-B16E-4C348DAB5560}.Release|Any CPU.ActiveCfg = Release|Any CPU
		{ABAAF614-2748-493D-B16E-4C348DAB5560}.Release|Any CPU.Build.0 = Release|Any CPU
	EndGlobalSection
	GlobalSection(SolutionProperties) = preSolution
		HideSolutionNode = FALSE
	EndGlobalSection
EndGlobal
